
Microsoft Visual Studio Solution File, Format Version 12.00
# Visual Studio Version 17
VisualStudioVersion = 17.11.35219.272
MinimumVisualStudioVersion = 10.0.40219.1
Project("{FAE04EC0-301F-11D3-BF4B-00C04F79EFBC}") = "ConsoleApp1", "ConsoleApp1.csproj", "{BDF2321F-8363-496E-9F4F-18B356D1722F}"
EndProject
Global
	GlobalSection(SolutionConfigurationPlatforms) = preSolution
		Debug|Any CPU = Debug|Any CPU
		Release|Any CPU = Release|Any CPU
	EndGlobalSection
	GlobalSection(ProjectConfigurationPlatforms) = postSolution
		{BDF2321F-8363-496E-9F4F-18B356D1722F}.Debug|Any CPU.ActiveCfg = Debug|Any CPU
		{BDF2321F-8363-496E-9F4F-18B356D1722F}.Debug|Any CPU.Build.0 = Debug|Any CPU
		{BDF2321F-8363-496E-9F4F-18B356D1722F}.Release|Any CPU.ActiveCfg = Release|Any CPU
		{BDF2321F-8363-496E-9F4F-18B356D1722F}.Release|Any CPU.Build.0 = Release|Any CPU
	EndGlobalSection
	GlobalSection(SolutionProperties) = preSolution
		HideSolutionNode = FALSE
	EndGlobalSection
	GlobalSection(ExtensibilityGlobals) = postSolution
		SolutionGuid = {24B62F21-A407-4C91-A22D-6EF7BA348171}
	EndGlobalSection
EndGlobal
